
Microsoft Visual Studio Solution File, Format Version 12.00
# Visual Studio Version 17
VisualStudioVersion = 17.2.32616.157
MinimumVisualStudioVersion = 10.0.40219.1
Project("{FAE04EC0-301F-11D3-BF4B-00C04F79EFBC}") = "jostva.Dapper.Demo.WebApi", "src\jostva.Dapper.Demo.WebApi\jostva.Dapper.Demo.WebApi.csproj", "{119A8CA8-B3ED-43BF-A492-B70E87716DA3}"
EndProject
Global
	GlobalSection(SolutionConfigurationPlatforms) = preSolution
		Debug|Any CPU = Debug|Any CPU
		Release|Any CPU = Release|Any CPU
	EndGlobalSection
	GlobalSection(ProjectConfigurationPlatforms) = postSolution
		{119A8CA8-B3ED-43BF-A492-B70E87716DA3}.Debug|Any CPU.ActiveCfg = Debug|Any CPU
		{119A8CA8-B3ED-43BF-A492-B70E87716DA3}.Debug|Any CPU.Build.0 = Debug|Any CPU
		{119A8CA8-B3ED-43BF-A492-B70E87716DA3}.Release|Any CPU.ActiveCfg = Release|Any CPU
		{119A8CA8-B3ED-43BF-A492-B70E87716DA3}.Release|Any CPU.Build.0 = Release|Any CPU
	EndGlobalSection
	GlobalSection(SolutionProperties) = preSolution
		HideSolutionNode = FALSE
	EndGlobalSection
	GlobalSection(ExtensibilityGlobals) = postSolution
		SolutionGuid = {9EEAF007-E801-4E98-A976-428DC4159362}
	EndGlobalSection
EndGlobal
